
Microsoft Visual Studio Solution File, Format Version 12.00
# Visual Studio Version 16
VisualStudioVersion = 16.0.30804.86
MinimumVisualStudioVersion = 10.0.40219.1
Project("{9A19103F-16F7-4668-BE54-9A1E7A4F7556}") = "Snippet 2.2", "Snippet 2.2\Snippet 2.2.csproj", "{5DEAEEF7-4049-4825-82BB-B379969AB99C}"
EndProject
Project("{9A19103F-16F7-4668-BE54-9A1E7A4F7556}") = "Snippet 2.3", "Snippet 2.3\Snippet 2.3.csproj", "{A00B7A8D-EA42-46FA-85BB-8F34ECBFFF3B}"
EndProject
Project("{9A19103F-16F7-4668-BE54-9A1E7A4F7556}") = "Snippet 2.4", "Snippet 2.4\Snippet 2.4.csproj", "{491036AC-30F1-4264-9674-238DD47F7E7C}"
EndProject
Project("{9A19103F-16F7-4668-BE54-9A1E7A4F7556}") = "Snippet 2.5", "Snippet 2.5\Snippet 2.5.csproj", "{E6462468-DB8E-48C6-978B-5675840D52BF}"
EndProject
Project("{9A19103F-16F7-4668-BE54-9A1E7A4F7556}") = "Snippet 2.8", "Snippet 2.8\Snippet 2.8.csproj", "{3FEEF0D4-5153-4C06-AAD5-614C550E7CFD}"
EndProject
Project("{9A19103F-16F7-4668-BE54-9A1E7A4F7556}") = "Snippet 2.9", "Snippet 2.9\Snippet 2.9.csproj", "{CDB39371-742D-47EE-9473-54AA35D71994}"
EndProject
Project("{9A19103F-16F7-4668-BE54-9A1E7A4F7556}") = "Snippet 2.10", "Snippet 2.10\Snippet 2.10.csproj", "{295AAEAF-3F38-44EA-BB6C-EB12F904988F}"
EndProject
Project("{9A19103F-16F7-4668-BE54-9A1E7A4F7556}") = "Snippet 2.11", "Snippet 2.11\Snippet 2.11.csproj", "{485181A3-3D1D-4434-B58E-571486869231}"
EndProject
Project("{9A19103F-16F7-4668-BE54-9A1E7A4F7556}") = "Snippet 2.12", "Snippet 2.12\Snippet 2.12.csproj", "{0F23B553-EA17-41E8-BD5D-BB95C02409CA}"
EndProject
Project("{9A19103F-16F7-4668-BE54-9A1E7A4F7556}") = "Snippet 2.14", "Snippet 2.14\Snippet 2.14.csproj", "{E6E355A9-CBFE-4471-8E96-E5BC5CD65C65}"
EndProject
Project("{9A19103F-16F7-4668-BE54-9A1E7A4F7556}") = "Snippet 2.15", "Snippet 2.15\Snippet 2.15.csproj", "{BFA2498F-2402-4CCE-9571-30591A74B865}"
EndProject
Project("{9A19103F-16F7-4668-BE54-9A1E7A4F7556}") = "Snippet 2.16", "Snippet 2.16\Snippet 2.16.csproj", "{46C48F0F-70CA-4831-88C6-D7B91B7507EF}"
EndProject
Project("{9A19103F-16F7-4668-BE54-9A1E7A4F7556}") = "Snippet 2.17", "Snippet 2.17\Snippet 2.17.csproj", "{7EB5BB59-9DF8-4922-9779-D1E6592403C2}"
EndProject
Project("{9A19103F-16F7-4668-BE54-9A1E7A4F7556}") = "Snippet 2.19", "Snippet 2.19\Snippet 2.19.csproj", "{9796AA93-2EF7-4838-BEE3-2159E2546E04}"
EndProject
Project("{9A19103F-16F7-4668-BE54-9A1E7A4F7556}") = "Snippet 2.21", "Snippet 2.21\Snippet 2.21.csproj", "{E04B058F-FBB5-4F45-93D9-FDC097365717}"
EndProject
Project("{FAE04EC0-301F-11D3-BF4B-00C04F79EFBC}") = "Snippet 3.4", "Snippet 3.4\Snippet 3.4.csproj", "{A386D5BE-E064-440C-998E-2F60731FA3B0}"
EndProject
Project("{FAE04EC0-301F-11D3-BF4B-00C04F79EFBC}") = "Snippet 3.5", "Snippet 3.5\Snippet 3.5.csproj", "{3EED9549-8E93-4E1D-ADC3-380A3EC849AB}"
EndProject
Project("{FAE04EC0-301F-11D3-BF4B-00C04F79EFBC}") = "Snippet 3.7", "Snippet 3.7\Snippet 3.7.csproj", "{CAB5B2CE-ADE9-4FDE-9A52-DFDEBAD89829}"
EndProject
Project("{FAE04EC0-301F-11D3-BF4B-00C04F79EFBC}") = "Snippet 3.8", "Snippet 3.6\Snippet 3.8.csproj", "{4E744A86-6CE4-42C8-A8FB-ED548666D171}"
EndProject
Project("{FAE04EC0-301F-11D3-BF4B-00C04F79EFBC}") = "Snippet 3.9", "Snippet 3.9\Snippet 3.9.csproj", "{1EEBA6A7-DE5A-4B1C-90FC-435E38533E7C}"
EndProject
Project("{FAE04EC0-301F-11D3-BF4B-00C04F79EFBC}") = "Snippet 3.15", "Snippet 3.15\Snippet 3.15.csproj", "{C0BD7619-9CF7-4089-A5B0-ED4423B035D4}"
EndProject
Project("{FAE04EC0-301F-11D3-BF4B-00C04F79EFBC}") = "Snippet 3.18", "Snippet 17\Snippet 3.18.csproj", "{84AB6859-F4C4-439F-BC02-3264D4A7AF4F}"
EndProject
Project("{FAE04EC0-301F-11D3-BF4B-00C04F79EFBC}") = "Snippet 3.17", "Snippet 3.17\Snippet 3.17.csproj", "{C5F337E1-DE2B-4388-9223-A976F79A945F}"
EndProject
Project("{FAE04EC0-301F-11D3-BF4B-00C04F79EFBC}") = "Snippet 3.20", "Snippet 3.20\Snippet 3.20.csproj", "{D2B2281A-E1EE-4CC2-8630-4FAE9E8B0AF2}"
EndProject
Project("{FAE04EC0-301F-11D3-BF4B-00C04F79EFBC}") = "Snippet 3.21", "Snippet 3.21\Snippet 3.21.csproj", "{A77E81CC-CC14-4A54-BAE8-92305D28203B}"
EndProject
Global
	GlobalSection(SolutionConfigurationPlatforms) = preSolution
		Debug|Any CPU = Debug|Any CPU
		Release|Any CPU = Release|Any CPU
	EndGlobalSection
	GlobalSection(ProjectConfigurationPlatforms) = postSolution
		{5DEAEEF7-4049-4825-82BB-B379969AB99C}.Debug|Any CPU.ActiveCfg = Debug|Any CPU
		{5DEAEEF7-4049-4825-82BB-B379969AB99C}.Debug|Any CPU.Build.0 = Debug|Any CPU
		{5DEAEEF7-4049-4825-82BB-B379969AB99C}.Release|Any CPU.ActiveCfg = Release|Any CPU
		{5DEAEEF7-4049-4825-82BB-B379969AB99C}.Release|Any CPU.Build.0 = Release|Any CPU
		{A00B7A8D-EA42-46FA-85BB-8F34ECBFFF3B}.Debug|Any CPU.ActiveCfg = Debug|Any CPU
		{A00B7A8D-EA42-46FA-85BB-8F34ECBFFF3B}.Debug|Any CPU.Build.0 = Debug|Any CPU
		{A00B7A8D-EA42-46FA-85BB-8F34ECBFFF3B}.Release|Any CPU.ActiveCfg = Release|Any CPU
		{A00B7A8D-EA42-46FA-85BB-8F34ECBFFF3B}.Release|Any CPU.Build.0 = Release|Any CPU
		{491036AC-30F1-4264-9674-238DD47F7E7C}.Debug|Any CPU.ActiveCfg = Debug|Any CPU
		{491036AC-30F1-4264-9674-238DD47F7E7C}.Debug|Any CPU.Build.0 = Debug|Any CPU
		{491036AC-30F1-4264-9674-238DD47F7E7C}.Release|Any CPU.ActiveCfg = Release|Any CPU
		{491036AC-30F1-4264-9674-238DD47F7E7C}.Release|Any CPU.Build.0 = Release|Any CPU
		{E6462468-DB8E-48C6-978B-5675840D52BF}.Debug|Any CPU.ActiveCfg = Debug|Any CPU
		{E6462468-DB8E-48C6-978B-5675840D52BF}.Debug|Any CPU.Build.0 = Debug|Any CPU
		{E6462468-DB8E-48C6-978B-5675840D52BF}.Release|Any CPU.ActiveCfg = Release|Any CPU
		{E6462468-DB8E-48C6-978B-5675840D52BF}.Release|Any CPU.Build.0 = Release|Any CPU
		{3FEEF0D4-5153-4C06-AAD5-614C550E7CFD}.Debug|Any CPU.ActiveCfg = Debug|Any CPU
		{3FEEF0D4-5153-4C06-AAD5-614C550E7CFD}.Debug|Any CPU.Build.0 = Debug|Any CPU
		{3FEEF0D4-5153-4C06-AAD5-614C550E7CFD}.Release|Any CPU.ActiveCfg = Release|Any CPU
		{3FEEF0D4-5153-4C06-AAD5-614C550E7CFD}.Release|Any CPU.Build.0 = Release|Any CPU
		{CDB39371-742D-47EE-9473-54AA35D71994}.Debug|Any CPU.ActiveCfg = Debug|Any CPU
		{CDB39371-742D-47EE-9473-54AA35D71994}.Debug|Any CPU.Build.0 = Debug|Any CPU
		{CDB39371-742D-47EE-9473-54AA35D71994}.Release|Any CPU.ActiveCfg = Release|Any CPU
		{CDB39371-742D-47EE-9473-54AA35D71994}.Release|Any CPU.Build.0 = Release|Any CPU
		{295AAEAF-3F38-44EA-BB6C-EB12F904988F}.Debug|Any CPU.ActiveCfg = Debug|Any CPU
		{295AAEAF-3F38-44EA-BB6C-EB12F904988F}.Debug|Any CPU.Build.0 = Debug|Any CPU
		{295AAEAF-3F38-44EA-BB6C-EB12F904988F}.Release|Any CPU.ActiveCfg = Release|Any CPU
		{295AAEAF-3F38-44EA-BB6C-EB12F904988F}.Release|Any CPU.Build.0 = Release|Any CPU
		{485181A3-3D1D-4434-B58E-571486869231}.Debug|Any CPU.ActiveCfg = Debug|Any CPU
		{485181A3-3D1D-4434-B58E-571486869231}.Debug|Any CPU.Build.0 = Debug|Any CPU
		{485181A3-3D1D-4434-B58E-571486869231}.Release|Any CPU.ActiveCfg = Release|Any CPU
		{485181A3-3D1D-4434-B58E-571486869231}.Release|Any CPU.Build.0 = Release|Any CPU
		{0F23B553-EA17-41E8-BD5D-BB95C02409CA}.Debug|Any CPU.ActiveCfg = Debug|Any CPU
		{0F23B553-EA17-41E8-BD5D-BB95C02409CA}.Debug|Any CPU.Build.0 = Debug|Any CPU
		{0F23B553-EA17-41E8-BD5D-BB95C02409CA}.Release|Any CPU.ActiveCfg = Release|Any CPU
		{0F23B553-EA17-41E8-BD5D-BB95C02409CA}.Release|Any CPU.Build.0 = Release|Any CPU
		{E6E355A9-CBFE-4471-8E96-E5BC5CD65C65}.Debug|Any CPU.ActiveCfg = Debug|Any CPU
		{E6E355A9-CBFE-4471-8E96-E5BC5CD65C65}.Debug|Any CPU.Build.0 = Debug|Any CPU
		{E6E355A9-CBFE-4471-8E96-E5BC5CD65C65}.Release|Any CPU.ActiveCfg = Release|Any CPU
		{E6E355A9-CBFE-4471-8E96-E5BC5CD65C65}.Release|Any CPU.Build.0 = Release|Any CPU
		{BFA2498F-2402-4CCE-9571-30591A74B865}.Debug|Any CPU.ActiveCfg = Debug|Any CPU
		{BFA2498F-2402-4CCE-9571-30591A74B865}.Debug|Any CPU.Build.0 = Debug|Any CPU
		{BFA2498F-2402-4CCE-9571-30591A74B865}.Release|Any CPU.ActiveCfg = Release|Any CPU
		{BFA2498F-2402-4CCE-9571-30591A74B865}.Release|Any CPU.Build.0 = Release|Any CPU
		{46C48F0F-70CA-4831-88C6-D7B91B7507EF}.Debug|Any CPU.ActiveCfg = Debug|Any CPU
		{46C48F0F-70CA-4831-88C6-D7B91B7507EF}.Debug|Any CPU.Build.0 = Debug|Any CPU
		{46C48F0F-70CA-4831-88C6-D7B91B7507EF}.Release|Any CPU.ActiveCfg = Release|Any CPU
		{46C48F0F-70CA-4831-88C6-D7B91B7507EF}.Release|Any CPU.Build.0 = Release|Any CPU
		{7EB5BB59-9DF8-4922-9779-D1E6592403C2}.Debug|Any CPU.ActiveCfg = Debug|Any CPU
		{7EB5BB59-9DF8-4922-9779-D1E6592403C2}.Debug|Any CPU.Build.0 = Debug|Any CPU
		{7EB5BB59-9DF8-4922-9779-D1E6592403C2}.Release|Any CPU.ActiveCfg = Release|Any CPU
		{7EB5BB59-9DF8-4922-9779-D1E6592403C2}.Release|Any CPU.Build.0 = Release|Any CPU
		{9796AA93-2EF7-4838-BEE3-2159E2546E04}.Debug|Any CPU.ActiveCfg = Debug|Any CPU
		{9796AA93-2EF7-4838-BEE3-2159E2546E04}.Debug|Any CPU.Build.0 = Debug|Any CPU
		{9796AA93-2EF7-4838-BEE3-2159E2546E04}.Release|Any CPU.ActiveCfg = Release|Any CPU
		{9796AA93-2EF7-4838-BEE3-2159E2546E04}.Release|Any CPU.Build.0 = Release|Any CPU
		{E04B058F-FBB5-4F45-93D9-FDC097365717}.Debug|Any CPU.ActiveCfg = Debug|Any CPU
		{E04B058F-FBB5-4F45-93D9-FDC097365717}.Debug|Any CPU.Build.0 = Debug|Any CPU
		{E04B058F-FBB5-4F45-93D9-FDC097365717}.Release|Any CPU.ActiveCfg = Release|Any CPU
		{E04B058F-FBB5-4F45-93D9-FDC097365717}.Release|Any CPU.Build.0 = Release|Any CPU
		{A386D5BE-E064-440C-998E-2F60731FA3B0}.Debug|Any CPU.ActiveCfg = Debug|Any CPU
		{A386D5BE-E064-440C-998E-2F60731FA3B0}.Debug|Any CPU.Build.0 = Debug|Any CPU
		{A386D5BE-E064-440C-998E-2F60731FA3B0}.Release|Any CPU.ActiveCfg = Release|Any CPU
		{A386D5BE-E064-440C-998E-2F60731FA3B0}.Release|Any CPU.Build.0 = Release|Any CPU
		{3EED9549-8E93-4E1D-ADC3-380A3EC849AB}.Debug|Any CPU.ActiveCfg = Debug|Any CPU
		{3EED9549-8E93-4E1D-ADC3-380A3EC849AB}.Debug|Any CPU.Build.0 = Debug|Any CPU
		{3EED9549-8E93-4E1D-ADC3-380A3EC849AB}.Release|Any CPU.ActiveCfg = Release|Any CPU
		{3EED9549-8E93-4E1D-ADC3-380A3EC849AB}.Release|Any CPU.Build.0 = Release|Any CPU
		{CAB5B2CE-ADE9-4FDE-9A52-DFDEBAD89829}.Debug|Any CPU.ActiveCfg = Debug|Any CPU
		{CAB5B2CE-ADE9-4FDE-9A52-DFDEBAD89829}.Debug|Any CPU.Build.0 = Debug|Any CPU
		{CAB5B2CE-ADE9-4FDE-9A52-DFDEBAD89829}.Release|Any CPU.ActiveCfg = Release|Any CPU
		{CAB5B2CE-ADE9-4FDE-9A52-DFDEBAD89829}.Release|Any CPU.Build.0 = Release|Any CPU
		{4E744A86-6CE4-42C8-A8FB-ED548666D171}.Debug|Any CPU.ActiveCfg = Debug|Any CPU
		{4E744A86-6CE4-42C8-A8FB-ED548666D171}.Debug|Any CPU.Build.0 = Debug|Any CPU
		{4E744A86-6CE4-42C8-A8FB-ED548666D171}.Release|Any CPU.ActiveCfg = Release|Any CPU
		{4E744A86-6CE4-42C8-A8FB-ED548666D171}.Release|Any CPU.Build.0 = Release|Any CPU
		{1EEBA6A7-DE5A-4B1C-90FC-435E38533E7C}.Debug|Any CPU.ActiveCfg = Debug|Any CPU
		{1EEBA6A7-DE5A-4B1C-90FC-435E38533E7C}.Debug|Any CPU.Build.0 = Debug|Any CPU
		{1EEBA6A7-DE5A-4B1C-90FC-435E38533E7C}.Release|Any CPU.ActiveCfg = Release|Any CPU
		{1EEBA6A7-DE5A-4B1C-90FC-435E38533E7C}.Release|Any CPU.Build.0 = Release|Any CPU
		{C0BD7619-9CF7-4089-A5B0-ED4423B035D4}.Debug|Any CPU.ActiveCfg = Debug|Any CPU
		{C0BD7619-9CF7-4089-A5B0-ED4423B035D4}.Debug|Any CPU.Build.0 = Debug|Any CPU
		{C0BD7619-9CF7-4089-A5B0-ED4423B035D4}.Release|Any CPU.ActiveCfg = Release|Any CPU
		{C0BD7619-9CF7-4089-A5B0-ED4423B035D4}.Release|Any CPU.Build.0 = Release|Any CPU
		{84AB6859-F4C4-439F-BC02-3264D4A7AF4F}.Debug|Any CPU.ActiveCfg = Debug|Any CPU
		{84AB6859-F4C4-439F-BC02-3264D4A7AF4F}.Debug|Any CPU.Build.0 = Debug|Any CPU
		{84AB6859-F4C4-439F-BC02-3264D4A7AF4F}.Release|Any CPU.ActiveCfg = Release|Any CPU
		{84AB6859-F4C4-439F-BC02-3264D4A7AF4F}.Release|Any CPU.Build.0 = Release|Any CPU
		{C5F337E1-DE2B-4388-9223-A976F79A945F}.Debug|Any CPU.ActiveCfg = Debug|Any CPU
		{C5F337E1-DE2B-4388-9223-A976F79A945F}.Debug|Any CPU.Build.0 = Debug|Any CPU
		{C5F337E1-DE2B-4388-9223-A976F79A945F}.Release|Any CPU.ActiveCfg = Release|Any CPU
		{C5F337E1-DE2B-4388-9223-A976F79A945F}.Release|Any CPU.Build.0 = Release|Any CPU
		{D2B2281A-E1EE-4CC2-8630-4FAE9E8B0AF2}.Debug|Any CPU.ActiveCfg = Debug|Any CPU
		{D2B2281A-E1EE-4CC2-8630-4FAE9E8B0AF2}.Debug|Any CPU.Build.0 = Debug|Any CPU
		{D2B2281A-E1EE-4CC2-8630-4FAE9E8B0AF2}.Release|Any CPU.ActiveCfg = Release|Any CPU
		{D2B2281A-E1EE-4CC2-8630-4FAE9E8B0AF2}.Release|Any CPU.Build.0 = Release|Any CPU
		{A77E81CC-CC14-4A54-BAE8-92305D28203B}.Debug|Any CPU.ActiveCfg = Debug|Any CPU
		{A77E81CC-CC14-4A54-BAE8-92305D28203B}.Debug|Any CPU.Build.0 = Debug|Any CPU
		{A77E81CC-CC14-4A54-BAE8-92305D28203B}.Release|Any CPU.ActiveCfg = Release|Any CPU
		{A77E81CC-CC14-4A54-BAE8-92305D28203B}.Release|Any CPU.Build.0 = Release|Any CPU
	EndGlobalSection
	GlobalSection(SolutionProperties) = preSolution
		HideSolutionNode = FALSE
	EndGlobalSection
	GlobalSection(ExtensibilityGlobals) = postSolution
		SolutionGuid = {4413D9BD-AE9B-4F83-BE0A-6319447574FA}
	EndGlobalSection
EndGlobal
