
Microsoft Visual Studio Solution File, Format Version 12.00
# Visual Studio Version 16
VisualStudioVersion = 16.0.30804.86
MinimumVisualStudioVersion = 10.0.40219.1
Project("{9A19103F-16F7-4668-BE54-9A1E7A4F7556}") = "Account", "Account\Account.csproj", "{7665200C-2927-4796-B82E-6AF0808CBC99}"
EndProject
Project("{9A19103F-16F7-4668-BE54-9A1E7A4F7556}") = "Snippet 6.1", "Snippet 6.1\Snippet 6.1.csproj", "{4FA38444-9CF9-461A-9705-EFE93985B0E9}"
EndProject
Project("{9A19103F-16F7-4668-BE54-9A1E7A4F7556}") = "Snippet 6.2", "Snippet 6.2\Snippet 6.2.csproj", "{E750194D-6CA4-4806-A0E1-82F26695E403}"
EndProject
Project("{9A19103F-16F7-4668-BE54-9A1E7A4F7556}") = "Snippet 6.3", "Snippet 6.3\Snippet 6.3.csproj", "{21BAEFBC-D59C-4C49-B234-08893C733348}"
EndProject
Project("{9A19103F-16F7-4668-BE54-9A1E7A4F7556}") = "Snippet 6.4", "Snippet 6.4\Snippet 6.4.csproj", "{F318E6D9-673A-4CDB-A8EC-A338548628C6}"
EndProject
Project("{9A19103F-16F7-4668-BE54-9A1E7A4F7556}") = "Snippet 6.5", "Snippet 6.5\Snippet 6.5.csproj", "{D48611B6-3F83-4B67-9AA2-B5DF8CBDCA0F}"
EndProject
Project("{9A19103F-16F7-4668-BE54-9A1E7A4F7556}") = "Snippet 6.6", "Snippet 6.6\Snippet 6.6.csproj", "{CDA9F437-6652-4868-96BF-B959AF2FA86C}"
EndProject
Project("{9A19103F-16F7-4668-BE54-9A1E7A4F7556}") = "Snippet 6.7", "Snippet 6.7\Snippet 6.7.csproj", "{E2E3DD66-E5EE-4EC4-93F6-2D82748279A4}"
EndProject
Project("{9A19103F-16F7-4668-BE54-9A1E7A4F7556}") = "Snippet 6.8", "Snippet 6.8\Snippet 6.8.csproj", "{27FE27A3-568C-49FB-BA8A-75915FF5DD3B}"
EndProject
Project("{9A19103F-16F7-4668-BE54-9A1E7A4F7556}") = "Snippet 6.9", "Snippet 6.9\Snippet 6.9.csproj", "{0408A364-3B8D-455E-A506-DF84E4451CE2}"
EndProject
Project("{9A19103F-16F7-4668-BE54-9A1E7A4F7556}") = "Snippet 6.12", "Snippet 6.12\Snippet 6.12.csproj", "{F3CC9F14-228D-4DE5-9FD2-FDC7E3FC3513}"
EndProject
Project("{9A19103F-16F7-4668-BE54-9A1E7A4F7556}") = "Snippet 6.13", "Snippet 6.13\Snippet 6.13.csproj", "{55ECC6D2-A87D-41A4-8D4F-A06B4B5A2288}"
EndProject
Project("{9A19103F-16F7-4668-BE54-9A1E7A4F7556}") = "Snippet 6.14", "Snippet 6.14\Snippet 6.14.csproj", "{F5BB4653-2820-4171-A352-91F9B457838D}"
EndProject
Project("{9A19103F-16F7-4668-BE54-9A1E7A4F7556}") = "Snippnet 6.15", "Snippnet 6.15\Snippnet 6.15.csproj", "{1B1C9C24-1E6F-4CA1-9EE7-5C291D0DC324}"
EndProject
Project("{9A19103F-16F7-4668-BE54-9A1E7A4F7556}") = "Snippet 6.17", "Snippet 6.17\Snippet 6.17.csproj", "{E56D3C5E-B9FB-4AAA-943C-41F0E967ED88}"
EndProject
Project("{9A19103F-16F7-4668-BE54-9A1E7A4F7556}") = "Snippet 6.18", "Snippet 6.18\Snippet 6.18.csproj", "{ED376764-6D6B-47DD-AA40-A3CD41A63688}"
EndProject
Project("{9A19103F-16F7-4668-BE54-9A1E7A4F7556}") = "Snippet 6.19", "Snippet 6.19\Snippet 6.19.csproj", "{3D172EDD-4BAC-4A75-AE3D-B6635C3DFE6C}"
EndProject
Project("{9A19103F-16F7-4668-BE54-9A1E7A4F7556}") = "Snippet 6.20", "Snippet 6.20\Snippet 6.20.csproj", "{C3CD7253-0ED6-4D2F-9B0A-B8FD3EFA80A3}"
EndProject
Project("{9A19103F-16F7-4668-BE54-9A1E7A4F7556}") = "Snippet 7.1", "ConsoleApp1\Snippet 7.1.csproj", "{DF4F99F1-E21B-4CCE-9471-9DE6742BF33E}"
EndProject
Project("{9A19103F-16F7-4668-BE54-9A1E7A4F7556}") = "Snippet 7.2", "Snippet 7.2\Snippet 7.2.csproj", "{454AC4E8-1CA4-4236-B5DF-FBBF2A2ED041}"
EndProject
Project("{FAE04EC0-301F-11D3-BF4B-00C04F79EFBC}") = "Snippet 7.3", "Snippet 7.3\Snippet 7.3.csproj", "{53116430-694E-4CEB-8F5D-2E72722683B0}"
EndProject
Project("{FAE04EC0-301F-11D3-BF4B-00C04F79EFBC}") = "Snippet 7.5", "Snippet 7.5\Snippet 7.5.csproj", "{787D957D-5322-4114-842C-B9E74D5E5D95}"
EndProject
Project("{FAE04EC0-301F-11D3-BF4B-00C04F79EFBC}") = "Snippet 7.6", "Snippet 7.6\Snippet 7.6.csproj", "{71B4339C-6FFB-4740-ABCE-721FBBA55DA0}"
EndProject
Project("{FAE04EC0-301F-11D3-BF4B-00C04F79EFBC}") = "Snippet 7.7", "Snippet 7.7\Snippet 7.7.csproj", "{4EEBDE74-D723-4F18-90C4-0D1E1797881F}"
EndProject
Project("{FAE04EC0-301F-11D3-BF4B-00C04F79EFBC}") = "Snippet 7.8", "Snippet 7.8\Snippet 7.8.csproj", "{AE1336EE-3C83-401F-8A7E-66429BD6BA8F}"
EndProject
Project("{FAE04EC0-301F-11D3-BF4B-00C04F79EFBC}") = "Snippet 7.9", "Snippet 7.9\Snippet 7.9.csproj", "{6E9FF7A7-91B8-40AF-9DA2-96CCFCF3E140}"
EndProject
Project("{FAE04EC0-301F-11D3-BF4B-00C04F79EFBC}") = "Snippet 7.10", "Snippet 7.10\Snippet 7.10.csproj", "{0D63CADA-9CAD-40FE-9E6B-BFC8481F4DFB}"
EndProject
Project("{FAE04EC0-301F-11D3-BF4B-00C04F79EFBC}") = "Snippet 7.12", "Snippet 7.12\Snippet 7.12.csproj", "{767038AF-6CE7-4868-B1E8-2B3AC429F13F}"
EndProject
Project("{FAE04EC0-301F-11D3-BF4B-00C04F79EFBC}") = "Snippet 7.13", "Snippet 7.13\Snippet 7.13.csproj", "{2D4F1D52-8A09-4E5C-B6BC-4933056B4FEC}"
EndProject
Global
	GlobalSection(SolutionConfigurationPlatforms) = preSolution
		Debug|Any CPU = Debug|Any CPU
		Release|Any CPU = Release|Any CPU
	EndGlobalSection
	GlobalSection(ProjectConfigurationPlatforms) = postSolution
		{7665200C-2927-4796-B82E-6AF0808CBC99}.Debug|Any CPU.ActiveCfg = Debug|Any CPU
		{7665200C-2927-4796-B82E-6AF0808CBC99}.Debug|Any CPU.Build.0 = Debug|Any CPU
		{7665200C-2927-4796-B82E-6AF0808CBC99}.Release|Any CPU.ActiveCfg = Release|Any CPU
		{7665200C-2927-4796-B82E-6AF0808CBC99}.Release|Any CPU.Build.0 = Release|Any CPU
		{4FA38444-9CF9-461A-9705-EFE93985B0E9}.Debug|Any CPU.ActiveCfg = Debug|Any CPU
		{4FA38444-9CF9-461A-9705-EFE93985B0E9}.Debug|Any CPU.Build.0 = Debug|Any CPU
		{4FA38444-9CF9-461A-9705-EFE93985B0E9}.Release|Any CPU.ActiveCfg = Release|Any CPU
		{4FA38444-9CF9-461A-9705-EFE93985B0E9}.Release|Any CPU.Build.0 = Release|Any CPU
		{E750194D-6CA4-4806-A0E1-82F26695E403}.Debug|Any CPU.ActiveCfg = Debug|Any CPU
		{E750194D-6CA4-4806-A0E1-82F26695E403}.Debug|Any CPU.Build.0 = Debug|Any CPU
		{E750194D-6CA4-4806-A0E1-82F26695E403}.Release|Any CPU.ActiveCfg = Release|Any CPU
		{E750194D-6CA4-4806-A0E1-82F26695E403}.Release|Any CPU.Build.0 = Release|Any CPU
		{21BAEFBC-D59C-4C49-B234-08893C733348}.Debug|Any CPU.ActiveCfg = Debug|Any CPU
		{21BAEFBC-D59C-4C49-B234-08893C733348}.Debug|Any CPU.Build.0 = Debug|Any CPU
		{21BAEFBC-D59C-4C49-B234-08893C733348}.Release|Any CPU.ActiveCfg = Release|Any CPU
		{21BAEFBC-D59C-4C49-B234-08893C733348}.Release|Any CPU.Build.0 = Release|Any CPU
		{F318E6D9-673A-4CDB-A8EC-A338548628C6}.Debug|Any CPU.ActiveCfg = Debug|Any CPU
		{F318E6D9-673A-4CDB-A8EC-A338548628C6}.Debug|Any CPU.Build.0 = Debug|Any CPU
		{F318E6D9-673A-4CDB-A8EC-A338548628C6}.Release|Any CPU.ActiveCfg = Release|Any CPU
		{F318E6D9-673A-4CDB-A8EC-A338548628C6}.Release|Any CPU.Build.0 = Release|Any CPU
		{D48611B6-3F83-4B67-9AA2-B5DF8CBDCA0F}.Debug|Any CPU.ActiveCfg = Debug|Any CPU
		{D48611B6-3F83-4B67-9AA2-B5DF8CBDCA0F}.Debug|Any CPU.Build.0 = Debug|Any CPU
		{D48611B6-3F83-4B67-9AA2-B5DF8CBDCA0F}.Release|Any CPU.ActiveCfg = Release|Any CPU
		{D48611B6-3F83-4B67-9AA2-B5DF8CBDCA0F}.Release|Any CPU.Build.0 = Release|Any CPU
		{CDA9F437-6652-4868-96BF-B959AF2FA86C}.Debug|Any CPU.ActiveCfg = Debug|Any CPU
		{CDA9F437-6652-4868-96BF-B959AF2FA86C}.Debug|Any CPU.Build.0 = Debug|Any CPU
		{CDA9F437-6652-4868-96BF-B959AF2FA86C}.Release|Any CPU.ActiveCfg = Release|Any CPU
		{CDA9F437-6652-4868-96BF-B959AF2FA86C}.Release|Any CPU.Build.0 = Release|Any CPU
		{E2E3DD66-E5EE-4EC4-93F6-2D82748279A4}.Debug|Any CPU.ActiveCfg = Debug|Any CPU
		{E2E3DD66-E5EE-4EC4-93F6-2D82748279A4}.Debug|Any CPU.Build.0 = Debug|Any CPU
		{E2E3DD66-E5EE-4EC4-93F6-2D82748279A4}.Release|Any CPU.ActiveCfg = Release|Any CPU
		{E2E3DD66-E5EE-4EC4-93F6-2D82748279A4}.Release|Any CPU.Build.0 = Release|Any CPU
		{27FE27A3-568C-49FB-BA8A-75915FF5DD3B}.Debug|Any CPU.ActiveCfg = Debug|Any CPU
		{27FE27A3-568C-49FB-BA8A-75915FF5DD3B}.Debug|Any CPU.Build.0 = Debug|Any CPU
		{27FE27A3-568C-49FB-BA8A-75915FF5DD3B}.Release|Any CPU.ActiveCfg = Release|Any CPU
		{27FE27A3-568C-49FB-BA8A-75915FF5DD3B}.Release|Any CPU.Build.0 = Release|Any CPU
		{0408A364-3B8D-455E-A506-DF84E4451CE2}.Debug|Any CPU.ActiveCfg = Debug|Any CPU
		{0408A364-3B8D-455E-A506-DF84E4451CE2}.Debug|Any CPU.Build.0 = Debug|Any CPU
		{0408A364-3B8D-455E-A506-DF84E4451CE2}.Release|Any CPU.ActiveCfg = Release|Any CPU
		{0408A364-3B8D-455E-A506-DF84E4451CE2}.Release|Any CPU.Build.0 = Release|Any CPU
		{F3CC9F14-228D-4DE5-9FD2-FDC7E3FC3513}.Debug|Any CPU.ActiveCfg = Debug|Any CPU
		{F3CC9F14-228D-4DE5-9FD2-FDC7E3FC3513}.Debug|Any CPU.Build.0 = Debug|Any CPU
		{F3CC9F14-228D-4DE5-9FD2-FDC7E3FC3513}.Release|Any CPU.ActiveCfg = Release|Any CPU
		{F3CC9F14-228D-4DE5-9FD2-FDC7E3FC3513}.Release|Any CPU.Build.0 = Release|Any CPU
		{55ECC6D2-A87D-41A4-8D4F-A06B4B5A2288}.Debug|Any CPU.ActiveCfg = Debug|Any CPU
		{55ECC6D2-A87D-41A4-8D4F-A06B4B5A2288}.Debug|Any CPU.Build.0 = Debug|Any CPU
		{55ECC6D2-A87D-41A4-8D4F-A06B4B5A2288}.Release|Any CPU.ActiveCfg = Release|Any CPU
		{55ECC6D2-A87D-41A4-8D4F-A06B4B5A2288}.Release|Any CPU.Build.0 = Release|Any CPU
		{F5BB4653-2820-4171-A352-91F9B457838D}.Debug|Any CPU.ActiveCfg = Debug|Any CPU
		{F5BB4653-2820-4171-A352-91F9B457838D}.Debug|Any CPU.Build.0 = Debug|Any CPU
		{F5BB4653-2820-4171-A352-91F9B457838D}.Release|Any CPU.ActiveCfg = Release|Any CPU
		{F5BB4653-2820-4171-A352-91F9B457838D}.Release|Any CPU.Build.0 = Release|Any CPU
		{1B1C9C24-1E6F-4CA1-9EE7-5C291D0DC324}.Debug|Any CPU.ActiveCfg = Debug|Any CPU
		{1B1C9C24-1E6F-4CA1-9EE7-5C291D0DC324}.Debug|Any CPU.Build.0 = Debug|Any CPU
		{1B1C9C24-1E6F-4CA1-9EE7-5C291D0DC324}.Release|Any CPU.ActiveCfg = Release|Any CPU
		{1B1C9C24-1E6F-4CA1-9EE7-5C291D0DC324}.Release|Any CPU.Build.0 = Release|Any CPU
		{E56D3C5E-B9FB-4AAA-943C-41F0E967ED88}.Debug|Any CPU.ActiveCfg = Debug|Any CPU
		{E56D3C5E-B9FB-4AAA-943C-41F0E967ED88}.Debug|Any CPU.Build.0 = Debug|Any CPU
		{E56D3C5E-B9FB-4AAA-943C-41F0E967ED88}.Release|Any CPU.ActiveCfg = Release|Any CPU
		{E56D3C5E-B9FB-4AAA-943C-41F0E967ED88}.Release|Any CPU.Build.0 = Release|Any CPU
		{ED376764-6D6B-47DD-AA40-A3CD41A63688}.Debug|Any CPU.ActiveCfg = Debug|Any CPU
		{ED376764-6D6B-47DD-AA40-A3CD41A63688}.Debug|Any CPU.Build.0 = Debug|Any CPU
		{ED376764-6D6B-47DD-AA40-A3CD41A63688}.Release|Any CPU.ActiveCfg = Release|Any CPU
		{ED376764-6D6B-47DD-AA40-A3CD41A63688}.Release|Any CPU.Build.0 = Release|Any CPU
		{3D172EDD-4BAC-4A75-AE3D-B6635C3DFE6C}.Debug|Any CPU.ActiveCfg = Debug|Any CPU
		{3D172EDD-4BAC-4A75-AE3D-B6635C3DFE6C}.Debug|Any CPU.Build.0 = Debug|Any CPU
		{3D172EDD-4BAC-4A75-AE3D-B6635C3DFE6C}.Release|Any CPU.ActiveCfg = Release|Any CPU
		{3D172EDD-4BAC-4A75-AE3D-B6635C3DFE6C}.Release|Any CPU.Build.0 = Release|Any CPU
		{C3CD7253-0ED6-4D2F-9B0A-B8FD3EFA80A3}.Debug|Any CPU.ActiveCfg = Debug|Any CPU
		{C3CD7253-0ED6-4D2F-9B0A-B8FD3EFA80A3}.Debug|Any CPU.Build.0 = Debug|Any CPU
		{C3CD7253-0ED6-4D2F-9B0A-B8FD3EFA80A3}.Release|Any CPU.ActiveCfg = Release|Any CPU
		{C3CD7253-0ED6-4D2F-9B0A-B8FD3EFA80A3}.Release|Any CPU.Build.0 = Release|Any CPU
		{DF4F99F1-E21B-4CCE-9471-9DE6742BF33E}.Debug|Any CPU.ActiveCfg = Debug|Any CPU
		{DF4F99F1-E21B-4CCE-9471-9DE6742BF33E}.Debug|Any CPU.Build.0 = Debug|Any CPU
		{DF4F99F1-E21B-4CCE-9471-9DE6742BF33E}.Release|Any CPU.ActiveCfg = Release|Any CPU
		{DF4F99F1-E21B-4CCE-9471-9DE6742BF33E}.Release|Any CPU.Build.0 = Release|Any CPU
		{454AC4E8-1CA4-4236-B5DF-FBBF2A2ED041}.Debug|Any CPU.ActiveCfg = Debug|Any CPU
		{454AC4E8-1CA4-4236-B5DF-FBBF2A2ED041}.Debug|Any CPU.Build.0 = Debug|Any CPU
		{454AC4E8-1CA4-4236-B5DF-FBBF2A2ED041}.Release|Any CPU.ActiveCfg = Release|Any CPU
		{454AC4E8-1CA4-4236-B5DF-FBBF2A2ED041}.Release|Any CPU.Build.0 = Release|Any CPU
		{53116430-694E-4CEB-8F5D-2E72722683B0}.Debug|Any CPU.ActiveCfg = Debug|Any CPU
		{53116430-694E-4CEB-8F5D-2E72722683B0}.Debug|Any CPU.Build.0 = Debug|Any CPU
		{53116430-694E-4CEB-8F5D-2E72722683B0}.Release|Any CPU.ActiveCfg = Release|Any CPU
		{53116430-694E-4CEB-8F5D-2E72722683B0}.Release|Any CPU.Build.0 = Release|Any CPU
		{787D957D-5322-4114-842C-B9E74D5E5D95}.Debug|Any CPU.ActiveCfg = Debug|Any CPU
		{787D957D-5322-4114-842C-B9E74D5E5D95}.Debug|Any CPU.Build.0 = Debug|Any CPU
		{787D957D-5322-4114-842C-B9E74D5E5D95}.Release|Any CPU.ActiveCfg = Release|Any CPU
		{787D957D-5322-4114-842C-B9E74D5E5D95}.Release|Any CPU.Build.0 = Release|Any CPU
		{71B4339C-6FFB-4740-ABCE-721FBBA55DA0}.Debug|Any CPU.ActiveCfg = Debug|Any CPU
		{71B4339C-6FFB-4740-ABCE-721FBBA55DA0}.Debug|Any CPU.Build.0 = Debug|Any CPU
		{71B4339C-6FFB-4740-ABCE-721FBBA55DA0}.Release|Any CPU.ActiveCfg = Release|Any CPU
		{71B4339C-6FFB-4740-ABCE-721FBBA55DA0}.Release|Any CPU.Build.0 = Release|Any CPU
		{4EEBDE74-D723-4F18-90C4-0D1E1797881F}.Debug|Any CPU.ActiveCfg = Debug|Any CPU
		{4EEBDE74-D723-4F18-90C4-0D1E1797881F}.Debug|Any CPU.Build.0 = Debug|Any CPU
		{4EEBDE74-D723-4F18-90C4-0D1E1797881F}.Release|Any CPU.ActiveCfg = Release|Any CPU
		{4EEBDE74-D723-4F18-90C4-0D1E1797881F}.Release|Any CPU.Build.0 = Release|Any CPU
		{AE1336EE-3C83-401F-8A7E-66429BD6BA8F}.Debug|Any CPU.ActiveCfg = Debug|Any CPU
		{AE1336EE-3C83-401F-8A7E-66429BD6BA8F}.Debug|Any CPU.Build.0 = Debug|Any CPU
		{AE1336EE-3C83-401F-8A7E-66429BD6BA8F}.Release|Any CPU.ActiveCfg = Release|Any CPU
		{AE1336EE-3C83-401F-8A7E-66429BD6BA8F}.Release|Any CPU.Build.0 = Release|Any CPU
		{6E9FF7A7-91B8-40AF-9DA2-96CCFCF3E140}.Debug|Any CPU.ActiveCfg = Debug|Any CPU
		{6E9FF7A7-91B8-40AF-9DA2-96CCFCF3E140}.Debug|Any CPU.Build.0 = Debug|Any CPU
		{6E9FF7A7-91B8-40AF-9DA2-96CCFCF3E140}.Release|Any CPU.ActiveCfg = Release|Any CPU
		{6E9FF7A7-91B8-40AF-9DA2-96CCFCF3E140}.Release|Any CPU.Build.0 = Release|Any CPU
		{0D63CADA-9CAD-40FE-9E6B-BFC8481F4DFB}.Debug|Any CPU.ActiveCfg = Debug|Any CPU
		{0D63CADA-9CAD-40FE-9E6B-BFC8481F4DFB}.Debug|Any CPU.Build.0 = Debug|Any CPU
		{0D63CADA-9CAD-40FE-9E6B-BFC8481F4DFB}.Release|Any CPU.ActiveCfg = Release|Any CPU
		{0D63CADA-9CAD-40FE-9E6B-BFC8481F4DFB}.Release|Any CPU.Build.0 = Release|Any CPU
		{767038AF-6CE7-4868-B1E8-2B3AC429F13F}.Debug|Any CPU.ActiveCfg = Debug|Any CPU
		{767038AF-6CE7-4868-B1E8-2B3AC429F13F}.Debug|Any CPU.Build.0 = Debug|Any CPU
		{767038AF-6CE7-4868-B1E8-2B3AC429F13F}.Release|Any CPU.ActiveCfg = Release|Any CPU
		{767038AF-6CE7-4868-B1E8-2B3AC429F13F}.Release|Any CPU.Build.0 = Release|Any CPU
		{2D4F1D52-8A09-4E5C-B6BC-4933056B4FEC}.Debug|Any CPU.ActiveCfg = Debug|Any CPU
		{2D4F1D52-8A09-4E5C-B6BC-4933056B4FEC}.Debug|Any CPU.Build.0 = Debug|Any CPU
		{2D4F1D52-8A09-4E5C-B6BC-4933056B4FEC}.Release|Any CPU.ActiveCfg = Release|Any CPU
		{2D4F1D52-8A09-4E5C-B6BC-4933056B4FEC}.Release|Any CPU.Build.0 = Release|Any CPU
	EndGlobalSection
	GlobalSection(SolutionProperties) = preSolution
		HideSolutionNode = FALSE
	EndGlobalSection
	GlobalSection(ExtensibilityGlobals) = postSolution
		SolutionGuid = {F5C16C6B-8157-4364-AEA0-346CCD7B0C7B}
	EndGlobalSection
EndGlobal
