
Microsoft Visual Studio Solution File, Format Version 12.00
# Visual Studio Version 16
VisualStudioVersion = 16.0.30804.86
MinimumVisualStudioVersion = 10.0.40219.1
Project("{9A19103F-16F7-4668-BE54-9A1E7A4F7556}") = "Snippet 4.1", "Snippet 4.1\Snippet 4.1.csproj", "{929CDA89-AFC1-4236-980B-2D947951842B}"
EndProject
Project("{9A19103F-16F7-4668-BE54-9A1E7A4F7556}") = "Snippet 4.2", "Snippet 4.2\Snippet 4.2.csproj", "{C06BB601-A38F-4EDD-8E34-18CEB82DAE21}"
EndProject
Project("{9A19103F-16F7-4668-BE54-9A1E7A4F7556}") = "Snippet 4.3", "Snippet 4.3\Snippet 4.3.csproj", "{F8960B05-6145-4AC1-9254-575478DA350E}"
EndProject
Project("{9A19103F-16F7-4668-BE54-9A1E7A4F7556}") = "Snippet 4.4", "Snippet 4.4\Snippet 4.4.csproj", "{B1B016ED-1E0C-495B-B37F-C28D6120F551}"
EndProject
Project("{9A19103F-16F7-4668-BE54-9A1E7A4F7556}") = "Snippet 4.5", "Snippet 4.5\Snippet 4.5.csproj", "{A7575B7B-C33A-4E1E-AE9D-FC5F4CBAE5EC}"
EndProject
Project("{9A19103F-16F7-4668-BE54-9A1E7A4F7556}") = "Snippet 4.6", "Snippet 4.6\Snippet 4.6.csproj", "{5A3FFAF7-4BEF-41C1-B596-0F2EB8B12965}"
EndProject
Project("{9A19103F-16F7-4668-BE54-9A1E7A4F7556}") = "Snippet 4.7", "Snippet 4.7\Snippet 4.7.csproj", "{A8BCBD04-E4A4-4878-A370-14D88C5EB3E9}"
EndProject
Project("{9A19103F-16F7-4668-BE54-9A1E7A4F7556}") = "Snippet 4.8", "Snippet 4.8\Snippet 4.8.csproj", "{B1A601D8-EC7B-4884-AB06-1BC370193884}"
EndProject
Project("{9A19103F-16F7-4668-BE54-9A1E7A4F7556}") = "Snippet 4.9", "Snippet 4.9\Snippet 4.9.csproj", "{F447E242-E79D-45DC-9D01-167E0DF349E6}"
EndProject
Project("{9A19103F-16F7-4668-BE54-9A1E7A4F7556}") = "Snippet 4.10", "Snippet 4.10\Snippet 4.10.csproj", "{01CC0443-75B1-48D9-A076-F7EF45E2F4D1}"
EndProject
Project("{9A19103F-16F7-4668-BE54-9A1E7A4F7556}") = "Snippet 4.11", "Snippet 4.11\Snippet 4.11.csproj", "{D830B4BC-5F6B-42D7-9D37-C2C8763F2A3E}"
EndProject
Project("{9A19103F-16F7-4668-BE54-9A1E7A4F7556}") = "Snippet 4.12", "Snippet 4.12\Snippet 4.12.csproj", "{0C08A6E8-A904-4909-BA40-01D6BA601EB4}"
EndProject
Project("{9A19103F-16F7-4668-BE54-9A1E7A4F7556}") = "Snippet 4.14", "Snippet 4.14\Snippet 4.14.csproj", "{DF1D5477-9D26-4780-8FD6-20BC948CB493}"
EndProject
Project("{9A19103F-16F7-4668-BE54-9A1E7A4F7556}") = "Snippet 4.15", "Snippet 4.15\Snippet 4.15.csproj", "{75FD617C-3872-46B9-82C5-6FBD87197D88}"
EndProject
Project("{9A19103F-16F7-4668-BE54-9A1E7A4F7556}") = "Snippet 4.16", "Snippet 4.16\Snippet 4.16.csproj", "{EA489D54-D841-4F19-97CB-4A3BBE577D37}"
EndProject
Project("{9A19103F-16F7-4668-BE54-9A1E7A4F7556}") = "Snippet 4.17", "Snippet 4.17\Snippet 4.17.csproj", "{2704CF36-FB07-4992-85B6-B3EFC9839D72}"
EndProject
Project("{9A19103F-16F7-4668-BE54-9A1E7A4F7556}") = "Snippet 4.18", "Snippet 4.18\Snippet 4.18.csproj", "{35B7D749-9277-41A0-8EE2-CC15A59985FB}"
EndProject
Project("{9A19103F-16F7-4668-BE54-9A1E7A4F7556}") = "snippet 4.19", "snippet 4.19\snippet 4.19.csproj", "{EC4E18DE-8F0A-4D3C-85DB-097002D77C0E}"
EndProject
Project("{9A19103F-16F7-4668-BE54-9A1E7A4F7556}") = "Snippet 4.20", "Snippet 4.20\Snippet 4.20.csproj", "{0EF3C94F-19CF-498E-B682-FD5F9EEC866F}"
EndProject
Project("{9A19103F-16F7-4668-BE54-9A1E7A4F7556}") = "Snippet 4.21", "Snippet 4.21\Snippet 4.21.csproj", "{33339D70-6FAD-436D-B5F5-3220CB0F5377}"
EndProject
Project("{9A19103F-16F7-4668-BE54-9A1E7A4F7556}") = "Snippet 4.23", "Snippet 4.23\Snippet 4.23.csproj", "{D3CC31AB-2A38-44BA-BCFD-BAE13ABF6D68}"
EndProject
Project("{9A19103F-16F7-4668-BE54-9A1E7A4F7556}") = "Snippet 5.1,2,3", "Snippet 5.1,2,3\Snippet 5.1,2,3.csproj", "{1F9C04D3-41C7-4A35-AC23-581AF822639F}"
EndProject
Project("{9A19103F-16F7-4668-BE54-9A1E7A4F7556}") = "Snippet 5.4", "Snippet 5.4\Snippet 5.4.csproj", "{1FAB3B13-3E99-4E5C-A96E-FBA02653CCDA}"
EndProject
Project("{9A19103F-16F7-4668-BE54-9A1E7A4F7556}") = "Snippet 5.5", "Snippet 5.5\Snippet 5.5.csproj", "{6EDAC6AE-D839-4F49-9A5B-5CDB40B23DB1}"
EndProject
Project("{9A19103F-16F7-4668-BE54-9A1E7A4F7556}") = "Snippet 5.6", "Snippet 5.6\Snippet 5.6.csproj", "{EADDD93D-592B-4820-9409-B38E52CB953B}"
EndProject
Project("{9A19103F-16F7-4668-BE54-9A1E7A4F7556}") = "Snippet 5.8", "Snipept 5.8\Snippet 5.8.csproj", "{225A87A1-894D-4270-98DA-1CEF0A8D7F2D}"
EndProject
Project("{9A19103F-16F7-4668-BE54-9A1E7A4F7556}") = "Snippet 5.9", "Snippet 5.9\Snippet 5.9.csproj", "{E6860B1B-6263-4A2F-B600-E2136F72BDAA}"
EndProject
Project("{FAE04EC0-301F-11D3-BF4B-00C04F79EFBC}") = "Snippet 5.10", "Snippet 5.10\Snippet 5.10.csproj", "{F872CCF4-EBB7-4EC7-A3F6-58C70F402D3D}"
EndProject
Project("{FAE04EC0-301F-11D3-BF4B-00C04F79EFBC}") = "Snippet 5.11", "Snippet 5.11\Snippet 5.11.csproj", "{F0448858-A78F-4AA1-888D-9AFDDAE0F310}"
EndProject
Project("{FAE04EC0-301F-11D3-BF4B-00C04F79EFBC}") = "Snnippet 5.12", "Snnippet 5.12\Snnippet 5.12.csproj", "{B99FFDD6-9D1E-4D29-A498-DE1F9A9F95CF}"
EndProject
Global
	GlobalSection(SolutionConfigurationPlatforms) = preSolution
		Debug|Any CPU = Debug|Any CPU
		Release|Any CPU = Release|Any CPU
	EndGlobalSection
	GlobalSection(ProjectConfigurationPlatforms) = postSolution
		{929CDA89-AFC1-4236-980B-2D947951842B}.Debug|Any CPU.ActiveCfg = Debug|Any CPU
		{929CDA89-AFC1-4236-980B-2D947951842B}.Debug|Any CPU.Build.0 = Debug|Any CPU
		{929CDA89-AFC1-4236-980B-2D947951842B}.Release|Any CPU.ActiveCfg = Release|Any CPU
		{929CDA89-AFC1-4236-980B-2D947951842B}.Release|Any CPU.Build.0 = Release|Any CPU
		{C06BB601-A38F-4EDD-8E34-18CEB82DAE21}.Debug|Any CPU.ActiveCfg = Debug|Any CPU
		{C06BB601-A38F-4EDD-8E34-18CEB82DAE21}.Debug|Any CPU.Build.0 = Debug|Any CPU
		{C06BB601-A38F-4EDD-8E34-18CEB82DAE21}.Release|Any CPU.ActiveCfg = Release|Any CPU
		{C06BB601-A38F-4EDD-8E34-18CEB82DAE21}.Release|Any CPU.Build.0 = Release|Any CPU
		{F8960B05-6145-4AC1-9254-575478DA350E}.Debug|Any CPU.ActiveCfg = Debug|Any CPU
		{F8960B05-6145-4AC1-9254-575478DA350E}.Debug|Any CPU.Build.0 = Debug|Any CPU
		{F8960B05-6145-4AC1-9254-575478DA350E}.Release|Any CPU.ActiveCfg = Release|Any CPU
		{F8960B05-6145-4AC1-9254-575478DA350E}.Release|Any CPU.Build.0 = Release|Any CPU
		{B1B016ED-1E0C-495B-B37F-C28D6120F551}.Debug|Any CPU.ActiveCfg = Debug|Any CPU
		{B1B016ED-1E0C-495B-B37F-C28D6120F551}.Debug|Any CPU.Build.0 = Debug|Any CPU
		{B1B016ED-1E0C-495B-B37F-C28D6120F551}.Release|Any CPU.ActiveCfg = Release|Any CPU
		{B1B016ED-1E0C-495B-B37F-C28D6120F551}.Release|Any CPU.Build.0 = Release|Any CPU
		{A7575B7B-C33A-4E1E-AE9D-FC5F4CBAE5EC}.Debug|Any CPU.ActiveCfg = Debug|Any CPU
		{A7575B7B-C33A-4E1E-AE9D-FC5F4CBAE5EC}.Debug|Any CPU.Build.0 = Debug|Any CPU
		{A7575B7B-C33A-4E1E-AE9D-FC5F4CBAE5EC}.Release|Any CPU.ActiveCfg = Release|Any CPU
		{A7575B7B-C33A-4E1E-AE9D-FC5F4CBAE5EC}.Release|Any CPU.Build.0 = Release|Any CPU
		{5A3FFAF7-4BEF-41C1-B596-0F2EB8B12965}.Debug|Any CPU.ActiveCfg = Debug|Any CPU
		{5A3FFAF7-4BEF-41C1-B596-0F2EB8B12965}.Debug|Any CPU.Build.0 = Debug|Any CPU
		{5A3FFAF7-4BEF-41C1-B596-0F2EB8B12965}.Release|Any CPU.ActiveCfg = Release|Any CPU
		{5A3FFAF7-4BEF-41C1-B596-0F2EB8B12965}.Release|Any CPU.Build.0 = Release|Any CPU
		{A8BCBD04-E4A4-4878-A370-14D88C5EB3E9}.Debug|Any CPU.ActiveCfg = Debug|Any CPU
		{A8BCBD04-E4A4-4878-A370-14D88C5EB3E9}.Debug|Any CPU.Build.0 = Debug|Any CPU
		{A8BCBD04-E4A4-4878-A370-14D88C5EB3E9}.Release|Any CPU.ActiveCfg = Release|Any CPU
		{A8BCBD04-E4A4-4878-A370-14D88C5EB3E9}.Release|Any CPU.Build.0 = Release|Any CPU
		{B1A601D8-EC7B-4884-AB06-1BC370193884}.Debug|Any CPU.ActiveCfg = Debug|Any CPU
		{B1A601D8-EC7B-4884-AB06-1BC370193884}.Debug|Any CPU.Build.0 = Debug|Any CPU
		{B1A601D8-EC7B-4884-AB06-1BC370193884}.Release|Any CPU.ActiveCfg = Release|Any CPU
		{B1A601D8-EC7B-4884-AB06-1BC370193884}.Release|Any CPU.Build.0 = Release|Any CPU
		{F447E242-E79D-45DC-9D01-167E0DF349E6}.Debug|Any CPU.ActiveCfg = Debug|Any CPU
		{F447E242-E79D-45DC-9D01-167E0DF349E6}.Debug|Any CPU.Build.0 = Debug|Any CPU
		{F447E242-E79D-45DC-9D01-167E0DF349E6}.Release|Any CPU.ActiveCfg = Release|Any CPU
		{F447E242-E79D-45DC-9D01-167E0DF349E6}.Release|Any CPU.Build.0 = Release|Any CPU
		{01CC0443-75B1-48D9-A076-F7EF45E2F4D1}.Debug|Any CPU.ActiveCfg = Debug|Any CPU
		{01CC0443-75B1-48D9-A076-F7EF45E2F4D1}.Debug|Any CPU.Build.0 = Debug|Any CPU
		{01CC0443-75B1-48D9-A076-F7EF45E2F4D1}.Release|Any CPU.ActiveCfg = Release|Any CPU
		{01CC0443-75B1-48D9-A076-F7EF45E2F4D1}.Release|Any CPU.Build.0 = Release|Any CPU
		{D830B4BC-5F6B-42D7-9D37-C2C8763F2A3E}.Debug|Any CPU.ActiveCfg = Debug|Any CPU
		{D830B4BC-5F6B-42D7-9D37-C2C8763F2A3E}.Debug|Any CPU.Build.0 = Debug|Any CPU
		{D830B4BC-5F6B-42D7-9D37-C2C8763F2A3E}.Release|Any CPU.ActiveCfg = Release|Any CPU
		{D830B4BC-5F6B-42D7-9D37-C2C8763F2A3E}.Release|Any CPU.Build.0 = Release|Any CPU
		{0C08A6E8-A904-4909-BA40-01D6BA601EB4}.Debug|Any CPU.ActiveCfg = Debug|Any CPU
		{0C08A6E8-A904-4909-BA40-01D6BA601EB4}.Debug|Any CPU.Build.0 = Debug|Any CPU
		{0C08A6E8-A904-4909-BA40-01D6BA601EB4}.Release|Any CPU.ActiveCfg = Release|Any CPU
		{0C08A6E8-A904-4909-BA40-01D6BA601EB4}.Release|Any CPU.Build.0 = Release|Any CPU
		{DF1D5477-9D26-4780-8FD6-20BC948CB493}.Debug|Any CPU.ActiveCfg = Debug|Any CPU
		{DF1D5477-9D26-4780-8FD6-20BC948CB493}.Debug|Any CPU.Build.0 = Debug|Any CPU
		{DF1D5477-9D26-4780-8FD6-20BC948CB493}.Release|Any CPU.ActiveCfg = Release|Any CPU
		{DF1D5477-9D26-4780-8FD6-20BC948CB493}.Release|Any CPU.Build.0 = Release|Any CPU
		{75FD617C-3872-46B9-82C5-6FBD87197D88}.Debug|Any CPU.ActiveCfg = Debug|Any CPU
		{75FD617C-3872-46B9-82C5-6FBD87197D88}.Debug|Any CPU.Build.0 = Debug|Any CPU
		{75FD617C-3872-46B9-82C5-6FBD87197D88}.Release|Any CPU.ActiveCfg = Release|Any CPU
		{75FD617C-3872-46B9-82C5-6FBD87197D88}.Release|Any CPU.Build.0 = Release|Any CPU
		{EA489D54-D841-4F19-97CB-4A3BBE577D37}.Debug|Any CPU.ActiveCfg = Debug|Any CPU
		{EA489D54-D841-4F19-97CB-4A3BBE577D37}.Debug|Any CPU.Build.0 = Debug|Any CPU
		{EA489D54-D841-4F19-97CB-4A3BBE577D37}.Release|Any CPU.ActiveCfg = Release|Any CPU
		{EA489D54-D841-4F19-97CB-4A3BBE577D37}.Release|Any CPU.Build.0 = Release|Any CPU
		{2704CF36-FB07-4992-85B6-B3EFC9839D72}.Debug|Any CPU.ActiveCfg = Debug|Any CPU
		{2704CF36-FB07-4992-85B6-B3EFC9839D72}.Debug|Any CPU.Build.0 = Debug|Any CPU
		{2704CF36-FB07-4992-85B6-B3EFC9839D72}.Release|Any CPU.ActiveCfg = Release|Any CPU
		{2704CF36-FB07-4992-85B6-B3EFC9839D72}.Release|Any CPU.Build.0 = Release|Any CPU
		{35B7D749-9277-41A0-8EE2-CC15A59985FB}.Debug|Any CPU.ActiveCfg = Debug|Any CPU
		{35B7D749-9277-41A0-8EE2-CC15A59985FB}.Debug|Any CPU.Build.0 = Debug|Any CPU
		{35B7D749-9277-41A0-8EE2-CC15A59985FB}.Release|Any CPU.ActiveCfg = Release|Any CPU
		{35B7D749-9277-41A0-8EE2-CC15A59985FB}.Release|Any CPU.Build.0 = Release|Any CPU
		{EC4E18DE-8F0A-4D3C-85DB-097002D77C0E}.Debug|Any CPU.ActiveCfg = Debug|Any CPU
		{EC4E18DE-8F0A-4D3C-85DB-097002D77C0E}.Debug|Any CPU.Build.0 = Debug|Any CPU
		{EC4E18DE-8F0A-4D3C-85DB-097002D77C0E}.Release|Any CPU.ActiveCfg = Release|Any CPU
		{EC4E18DE-8F0A-4D3C-85DB-097002D77C0E}.Release|Any CPU.Build.0 = Release|Any CPU
		{0EF3C94F-19CF-498E-B682-FD5F9EEC866F}.Debug|Any CPU.ActiveCfg = Debug|Any CPU
		{0EF3C94F-19CF-498E-B682-FD5F9EEC866F}.Debug|Any CPU.Build.0 = Debug|Any CPU
		{0EF3C94F-19CF-498E-B682-FD5F9EEC866F}.Release|Any CPU.ActiveCfg = Release|Any CPU
		{0EF3C94F-19CF-498E-B682-FD5F9EEC866F}.Release|Any CPU.Build.0 = Release|Any CPU
		{33339D70-6FAD-436D-B5F5-3220CB0F5377}.Debug|Any CPU.ActiveCfg = Debug|Any CPU
		{33339D70-6FAD-436D-B5F5-3220CB0F5377}.Debug|Any CPU.Build.0 = Debug|Any CPU
		{33339D70-6FAD-436D-B5F5-3220CB0F5377}.Release|Any CPU.ActiveCfg = Release|Any CPU
		{33339D70-6FAD-436D-B5F5-3220CB0F5377}.Release|Any CPU.Build.0 = Release|Any CPU
		{D3CC31AB-2A38-44BA-BCFD-BAE13ABF6D68}.Debug|Any CPU.ActiveCfg = Debug|Any CPU
		{D3CC31AB-2A38-44BA-BCFD-BAE13ABF6D68}.Debug|Any CPU.Build.0 = Debug|Any CPU
		{D3CC31AB-2A38-44BA-BCFD-BAE13ABF6D68}.Release|Any CPU.ActiveCfg = Release|Any CPU
		{D3CC31AB-2A38-44BA-BCFD-BAE13ABF6D68}.Release|Any CPU.Build.0 = Release|Any CPU
		{1F9C04D3-41C7-4A35-AC23-581AF822639F}.Debug|Any CPU.ActiveCfg = Debug|Any CPU
		{1F9C04D3-41C7-4A35-AC23-581AF822639F}.Debug|Any CPU.Build.0 = Debug|Any CPU
		{1F9C04D3-41C7-4A35-AC23-581AF822639F}.Release|Any CPU.ActiveCfg = Release|Any CPU
		{1F9C04D3-41C7-4A35-AC23-581AF822639F}.Release|Any CPU.Build.0 = Release|Any CPU
		{1FAB3B13-3E99-4E5C-A96E-FBA02653CCDA}.Debug|Any CPU.ActiveCfg = Debug|Any CPU
		{1FAB3B13-3E99-4E5C-A96E-FBA02653CCDA}.Debug|Any CPU.Build.0 = Debug|Any CPU
		{1FAB3B13-3E99-4E5C-A96E-FBA02653CCDA}.Release|Any CPU.ActiveCfg = Release|Any CPU
		{1FAB3B13-3E99-4E5C-A96E-FBA02653CCDA}.Release|Any CPU.Build.0 = Release|Any CPU
		{6EDAC6AE-D839-4F49-9A5B-5CDB40B23DB1}.Debug|Any CPU.ActiveCfg = Debug|Any CPU
		{6EDAC6AE-D839-4F49-9A5B-5CDB40B23DB1}.Debug|Any CPU.Build.0 = Debug|Any CPU
		{6EDAC6AE-D839-4F49-9A5B-5CDB40B23DB1}.Release|Any CPU.ActiveCfg = Release|Any CPU
		{6EDAC6AE-D839-4F49-9A5B-5CDB40B23DB1}.Release|Any CPU.Build.0 = Release|Any CPU
		{EADDD93D-592B-4820-9409-B38E52CB953B}.Debug|Any CPU.ActiveCfg = Debug|Any CPU
		{EADDD93D-592B-4820-9409-B38E52CB953B}.Debug|Any CPU.Build.0 = Debug|Any CPU
		{EADDD93D-592B-4820-9409-B38E52CB953B}.Release|Any CPU.ActiveCfg = Release|Any CPU
		{EADDD93D-592B-4820-9409-B38E52CB953B}.Release|Any CPU.Build.0 = Release|Any CPU
		{225A87A1-894D-4270-98DA-1CEF0A8D7F2D}.Debug|Any CPU.ActiveCfg = Debug|Any CPU
		{225A87A1-894D-4270-98DA-1CEF0A8D7F2D}.Debug|Any CPU.Build.0 = Debug|Any CPU
		{225A87A1-894D-4270-98DA-1CEF0A8D7F2D}.Release|Any CPU.ActiveCfg = Release|Any CPU
		{225A87A1-894D-4270-98DA-1CEF0A8D7F2D}.Release|Any CPU.Build.0 = Release|Any CPU
		{E6860B1B-6263-4A2F-B600-E2136F72BDAA}.Debug|Any CPU.ActiveCfg = Debug|Any CPU
		{E6860B1B-6263-4A2F-B600-E2136F72BDAA}.Debug|Any CPU.Build.0 = Debug|Any CPU
		{E6860B1B-6263-4A2F-B600-E2136F72BDAA}.Release|Any CPU.ActiveCfg = Release|Any CPU
		{E6860B1B-6263-4A2F-B600-E2136F72BDAA}.Release|Any CPU.Build.0 = Release|Any CPU
		{F872CCF4-EBB7-4EC7-A3F6-58C70F402D3D}.Debug|Any CPU.ActiveCfg = Debug|Any CPU
		{F872CCF4-EBB7-4EC7-A3F6-58C70F402D3D}.Debug|Any CPU.Build.0 = Debug|Any CPU
		{F872CCF4-EBB7-4EC7-A3F6-58C70F402D3D}.Release|Any CPU.ActiveCfg = Release|Any CPU
		{F872CCF4-EBB7-4EC7-A3F6-58C70F402D3D}.Release|Any CPU.Build.0 = Release|Any CPU
		{F0448858-A78F-4AA1-888D-9AFDDAE0F310}.Debug|Any CPU.ActiveCfg = Debug|Any CPU
		{F0448858-A78F-4AA1-888D-9AFDDAE0F310}.Debug|Any CPU.Build.0 = Debug|Any CPU
		{F0448858-A78F-4AA1-888D-9AFDDAE0F310}.Release|Any CPU.ActiveCfg = Release|Any CPU
		{F0448858-A78F-4AA1-888D-9AFDDAE0F310}.Release|Any CPU.Build.0 = Release|Any CPU
		{B99FFDD6-9D1E-4D29-A498-DE1F9A9F95CF}.Debug|Any CPU.ActiveCfg = Debug|Any CPU
		{B99FFDD6-9D1E-4D29-A498-DE1F9A9F95CF}.Debug|Any CPU.Build.0 = Debug|Any CPU
		{B99FFDD6-9D1E-4D29-A498-DE1F9A9F95CF}.Release|Any CPU.ActiveCfg = Release|Any CPU
		{B99FFDD6-9D1E-4D29-A498-DE1F9A9F95CF}.Release|Any CPU.Build.0 = Release|Any CPU
	EndGlobalSection
	GlobalSection(SolutionProperties) = preSolution
		HideSolutionNode = FALSE
	EndGlobalSection
	GlobalSection(ExtensibilityGlobals) = postSolution
		SolutionGuid = {B7582839-672C-4522-AD75-36FA7512392F}
	EndGlobalSection
EndGlobal
